github.com/bmatcuk/doublestar/v4 v4.10.0 h1:zU9WiOla1YA122oLM6i4EXvGW62DvKZVxIe6TYWexEs=
github.com/bmatcuk/doublestar/v4 v4.10.0/go.mod h1:xBQ8jztBU6kakFMg+8WGxn0c6z1fTSPVIjEY1Wr7jzc=
github.com/cenkalti/backoff/v5 v5.0.3 h1:ZN+IMa753KfX5hd8vVaMixjnqRZ3y8CuJKRKj1xcsSM=
github.com/cenkalti/backoff/v5 v5.0.3/go.mod h1:rkhZdG3JZukswDf7f0cwqPNk4K0sa+F97BxZthm/crw=
github.com/cespare/xxhash/v2 v2.3.0 h1:UL815xU9SqsFlibzuggzjXhog7bL6oX9BbNZnL2UFvs=
github.com/cespare/xxhash/v2 v2.3.0/go.mod h1:VGX0DQ3Q6kWi7AoAeZDth3/j3BFtOZR5XLFGgcrjCOs=
github.com/davecgh/go-spew v1.1.1 h1:vj9j/u1bqnvCEfJOwUhtlOARqs3+rkHYY13jYWTU97c=
github.com/davecgh/go-spew v1.1.1/go.mod h1:J7Y8YcW2NihsgmVo/mv3lAwl/skON4iLHjSsI+c5H38=
github.com/felixge/httpsnoop v1.0.4 h1:NFTV2Zj1bL4mc9sqWACXbQFVBBg2W3GPvqp8/ESS2Wg=
github.com/felixge/httpsnoop v1.0.4/go.mod h1:m8KPJKqk1gH5J9DgRY2ASl2lWCfGKXixSwevea8zH2U=
github.com/frankban/quicktest v1.14.6 h1:7Xjx+VpznH+oBnejlPUj8oUpdxnVs4f8XU8WnHkI4W8=
github.com/frankban/quicktest v1.14.6/go.mod h1:4ptaffx2x8+WTWXmUCuVU6aPUX1/Mz7zb5vbUoiM6w0=
github.com/fsnotify/fsnotify v1.9.0 h1:2Ml+OJNzbYCTzsxtv8vKSFD9PbJjmhYF14k/jKC7S9k=
github.com/fsnotify/fsnotify v1.9.0/go.mod h1:8jBTzvmWwFyi3Pb8djgCCO5IBqzKJ/Jwo8TRcHyHii0=
github.com/go-chi/chi/v5 v5.2.5 h1:Eg4myHZBjyvJmAFjFvWgrqDTXFyOzjj7YIm3L3mu6Ug=
github.com/go-chi/chi/v5 v5.2.5/go.mod h1:X7Gx4mteadT3eDOMTsXzmI4/rwUpOwBHLpAfupzFJP0=
github.com/go-jose/go-jose/v4 v4.1.4 h1:moDMcTHmvE6Groj34emNPLs/qtYXRVcd6S7NHbHz3kA=
github.com/go-jose/go-jose/v4 v4.1.4/go.mod h1:x4oUasVrzR7071A4TnHLGSPpNOm2a21K9Kf04k1rs08=
github.com/go-logr/logr v1.2.2/go.mod h1:jdQByPbusPIv2/zmleS9BjJVeZ6kBagPoEUsqbVz/1A=
github.com/go-logr/logr v1.4.3 h1:CjnDlHq8ikf6E492q6eKboGOC0T8CDaOvkHCIg8idEI=
github.com/go-logr/logr v1.4.3/go.mod h1:9T104GzyrTigFIr8wt5mBrctHMim0Nb2HLGrmQ40KvY=
github.com/go-logr/stdr v1.2.2 h1:hSWxHoqTgW2S2qGc0LTAI563KZ5YKYRhT3MFKZMbjag=
github.com/go-logr/stdr v1.2.2/go.mod h1:mMo/vtBO5dYbehREoey6XUKy/eSumjCCveDpRre4VKE=
github.com/go-viper/mapstructure/v2 v2.5.0 h1:vM5IJoUAy3d7zRSVtIwQgBj7BiWtMPfmPEgAXnvj1Ro=
github.com/go-viper/mapstructure/v2 v2.5.0/go.mod h1:oJDH3BJKyqBA2TXFhDsKDGDTlndYOZ6rGS0BRZIxGhM=
github.com/golang/protobuf v1.5.4 h1:i7eJL8qZTpSEXOPTxNKhASYpMn+8e5Q6AdndVa1dWek=
github.com/golang/protobuf v1.5.4/go.mod h1:lnTiLA8Wa4RWRcIUkrtSVa5nRhsEGBg48fD6rSs7xps=
github.com/google/go-cmp v0.7.0 h1:wk8382ETsv4JYUZwIsn6YpYiWiBsYLSJiTsyBybVuN8=
github.com/google/go-cmp v0.7.0/go.mod h1:pXiqmnSA92OHEEa9HXL2W4E7lf9JzCmGVUdgjX3N/iU=
github.com/google/gofuzz v1.2.0 h1:xRy4A+RhZaiKjJ1bPfwQ8sedCA+YS2YcCHW6ec7JMi0=
github.com/google/gofuzz v1.2.0/go.mod h1:dBl0BpW6vV/+mYPU4Po3pmUjxk6FQPldtuIdl/M65Eg=
github.com/google/uuid v1.6.0 h1:NIvaJDMOsjHA8n1jAhLSgzrAzy1Hgr+hNrb57e+94F0=
github.com/google/uuid v1.6.0/go.mod h1:TIyPZe4MgqvfeYDBFedMoGGpEw/LqOeaOT+nhxU+yHo=
github.com/gorilla/securecookie v1.1.2 h1:YCIWL56dvtr73r6715mJs5ZvhtnY73hBvEF8kXD8ePA=
github.com/gorilla/securecookie v1.1.2/go.mod h1:NfCASbcHqRSY+3a8tlWJwsQap2VX5pwzwo4h3eOamfo=
github.com/grpc-ecosystem/grpc-gateway/v2 v2.29.0 h1:5VipnvEpbqr2gA2VbM+nYVbkIF28c5ZQfqCBQ5g2xfk=
github.com/grpc-ecosystem/grpc-gateway/v2 v2.29.0/go.mod h1:Hyl3n6Twe1hvtd9XUXDec4pTvgMSEixRuQKPTMH2bNs=
github.com/jeremija/gosubmit v0.2.8 h1:mmSITBz9JxVtu8eqbN+zmmwX7Ij2RidQxhcwRVI4wqA=
github.com/jeremija/gosubmit v0.2.8/go.mod h1:Ui+HS073lCFREXBbdfrJzMB57OI/bdxTiLtrDHHhFPI=
github.com/kr/pretty v0.3.1 h1:flRD4NNwYAUpkphVc1HcthR4KEIFJ65n8Mw5qdRn3LE=
github.com/kr/pretty v0.3.1/go.mod h1:hoEshYVHaxMs3cyo3Yncou5ZscifuDolrwPKZanG3xk=
github.com/kr/text v0.2.0 h1:5Nx0Ya0ZqY2ygV366QzturHI13Jq95ApcVaJBhpS+AY=
github.com/kr/text v0.2.0/go.mod h1:eLer722TekiGuMkidMxC/pM04lWEeraHUUmBw8l2grE=
github.com/labstack/echo/v4 v4.15.1 h1:S9keusg26gZpjMmPqB5hOEvNKnmd1lNmcHrbbH2lnFs=
github.com/labstack/echo/v4 v4.15.1/go.mod h1:xmw1clThob0BSVRX1CRQkGQ/vjwcpOMjQZSZa9fKA/c=
github.com/labstack/gommon v0.4.2 h1:F8qTUNXgG1+6WQmqoUWnz8WiEU60mXVVw0P4ht1WRA0=
github.com/labstack/gommon v0.4.2/go.mod h1:QlUFxVM+SNXhDL/Z7YhocGIBYOiwB0mXm1+1bAPHPyU=
github.com/mattn/go-colorable v0.1.14 h1:9A9LHSqF/7dyVVX6g0U9cwm9pG3kP9gSzcuIPHPsaIE=
github.com/mattn/go-colorable v0.1.14/go.mod h1:6LmQG8QLFO4G5z1gPvYEzlUgJ2wF+stgPZH1UqBm1s8=
github.com/mattn/go-isatty v0.0.21 h1:xYae+lCNBP7QuW4PUnNG61ffM4hVIfm+zUzDuSzYLGs=
github.com/mattn/go-isatty v0.0.21/go.mod h1:ZXfXG4SQHsB/w3ZeOYbR0PrPwLy+n6xiMrJlRFqopa4=
github.com/muhlemmer/gu v0.3.1 h1:7EAqmFrW7n3hETvuAdmFmn4hS8W+z3LgKtrnow+YzNM=
github.com/muhlemmer/gu v0.3.1/go.mod h1:YHtHR+gxM+bKEIIs7Hmi9sPT3ZDUvTN/i88wQpZkrdM=
github.com/muhlemmer/httpforwarded v0.1.0 h1:x4DLrzXdliq8mprgUMR0olDvHGkou5BJsK/vWUetyzY=
github.com/muhlemmer/httpforwarded v0.1.0/go.mod h1:yo9czKedo2pdZhoXe+yDkGVbU0TJ0q9oQ90BVoDEtw0=
github.com/pelletier/go-toml/v2 v2.3.0 h1:k59bC/lIZREW0/iVaQR8nDHxVq8OVlIzYCOJf421CaM=
github.com/pelletier/go-toml/v2 v2.3.0/go.mod h1:2gIqNv+qfxSVS7cM2xJQKtLSTLUE9V8t9Stt+h56mCY=
github.com/pmezard/go-difflib v1.0.0 h1:4DBwDE0NGyQoBHbLQYPwSUPoCMWR5BEzIk/f1lZbAQM=
github.com/pmezard/go-difflib v1.0.0/go.mod h1:iKH77koFhYxTK1pcRnkKkqfTogsbg7gZNVY4sRDYZ/4=
github.com/rogpeppe/go-internal v1.14.1 h1:UQB4HGPB6osV0SQTLymcB4TgvyWu6ZyliaW0tI/otEQ=
github.com/rogpeppe/go-internal v1.14.1/go.mod h1:MaRKkUm5W0goXpeCfT7UZI6fk/L7L7so1lCWt35ZSgc=
github.com/rs/cors v1.11.1 h1:eU3gRzXLRK57F5rKMGMZURNdIG4EoAmX8k94r9wXWHA=
github.com/rs/cors v1.11.1/go.mod h1:XyqrcTp5zjWr1wsJ8PIRZssZ8b/WMcMf71DJnit4EMU=
github.com/sagikazarmark/locafero v0.12.0 h1:/NQhBAkUb4+fH1jivKHWusDYFjMOOKU88eegjfxfHb4=
github.com/sagikazarmark/locafero v0.12.0/go.mod h1:sZh36u/YSZ918v0Io+U9ogLYQJ9tLLBmM4eneO6WwsI=
github.com/samber/lo v1.53.0 h1:t975lj2py4kJPQ6haz1QMgtId2gtmfktACxIXArw3HM=
github.com/samber/lo v1.53.0/go.mod h1:4+MXEGsJzbKGaUEQFKBq2xtfuznW9oz/WrgyzMzRoM0=
github.com/samber/slog-common v0.22.0 h1:WyPxYRg/c5xUmxZJbtd0QgysHlLBhRA+MngKdJieHxE=
github.com/samber/slog-common v0.22.0/go.mod h1:d/6OaSlzdkl9PFpfRLgn8FwY1OW6EFmPtBpsHX4MrU0=
github.com/samber/slog-multi v1.8.0 h1:E05c1wnQ+8M58oQDBABlJ4TEIJWssNgtckso3zlaLlI=
github.com/samber/slog-multi v1.8.0/go.mod h1:6+3j/ILxDvAcLD75YdQAm6iKWu6AmwlohLgQxL/2aiI=
github.com/sirupsen/logrus v1.9.4 h1:TsZE7l11zFCLZnZ+teH4Umoq5BhEIfIzfRDZ1Uzql2w=
github.com/sirupsen/logrus v1.9.4/go.mod h1:ftWc9WdOfJ0a92nsE2jF5u5ZwH8Bv2zdeOC42RjbV2g=
github.com/spf13/afero v1.15.0 h1:b/YBCLWAJdFWJTN9cLhiXXcD7mzKn9Dm86dNnfyQw1I=
github.com/spf13/afero v1.15.0/go.mod h1:NC2ByUVxtQs4b3sIUphxK0NioZnmxgyCrfzeuq8lxMg=
github.com/spf13/cast v1.10.0 h1:h2x0u2shc1QuLHfxi+cTJvs30+ZAHOGRic8uyGTDWxY=
github.com/spf13/cast v1.10.0/go.mod h1:jNfB8QC9IA6ZuY2ZjDp0KtFO2LZZlg4S/7bzP6qqeHo=
github.com/spf13/pflag v1.0.10 h1:4EBh2KAYBwaONj6b2Ye1GiHfwjqyROoF4RwYO+vPwFk=
github.com/spf13/pflag v1.0.10/go.mod h1:McXfInJRrz4CZXVZOBLb0bTZqETkiAhM9Iw0y3An2Bg=
github.com/spf13/viper v1.21.0 h1:x5S+0EU27Lbphp4UKm1C+1oQO+rKx36vfCoaVebLFSU=
github.com/spf13/viper v1.21.0/go.mod h1:P0lhsswPGWD/1lZJ9ny3fYnVqxiegrlNrEmgLjbTCAY=
github.com/stretchr/testify v1.11.1 h1:7s2iGBzp5EwR7/aIZr8ao5+dra3wiQyKjjFuvgVKu7U=
github.com/stretchr/testify v1.11.1/go.mod h1:wZwfW3scLgRK+23gO65QZefKpKQRnfz6sD981Nm4B6U=
github.com/subosito/gotenv v1.6.0 h1:9NlTDc1FTs4qu0DDq7AEtTPNw6SVm7uBMsUCUjABIf8=
github.com/subosito/gotenv v1.6.0/go.mod h1:Dk4QP5c2W3ibzajGcXpNraDfq2IrhjMIvMSWPKKo0FU=
github.com/valyala/bytebufferpool v1.0.0 h1:GqA5TC/0021Y/b9FG4Oi9Mr3q7XYx6KllzawFIhcdPw=
github.com/valyala/bytebufferpool v1.0.0/go.mod h1:6bBcMArwyJ5K/AmCkWv1jt77kVWyCJ6HpOuEn7z0Csc=
github.com/valyala/fasttemplate v1.2.2 h1:lxLXG0uE3Qnshl9QyaK6XJxMXlQZELvChBOCmQD0Loo=
github.com/valyala/fasttemplate v1.2.2/go.mod h1:KHLXt3tVN2HBp8eijSv/kGJopbvo7S+qRAEEKiv+SiQ=
github.com/zitadel/logging v0.7.0 h1:eugftwMM95Wgqwftsvj81isL0JK/hoScVqp/7iA2adQ=
github.com/zitadel/logging v0.7.0/go.mod h1:9A6h9feBF/3u0IhA4uffdzSDY7mBaf7RE78H5sFMINQ=
github.com/zitadel/oidc/v3 v3.47.3 h1:Dz7XzjTf+SJLg8BjjeABCmYZOqXOReLJdWbWGVHOZQo=
github.com/zitadel/oidc/v3 v3.47.3/go.mod h1:XxFh0666HRXycyrKmono+3gY0RACpYJLgy4r/+kliKY=
github.com/zitadel/schema v1.3.2 h1:gfJvt7dOMfTmxzhscZ9KkapKo3Nei3B6cAxjav+lyjI=
github.com/zitadel/schema v1.3.2/go.mod h1:IZmdfF9Wu62Zu6tJJTH3UsArevs3Y4smfJIj3L8fzxw=
go.opentelemetry.io/auto/sdk v1.2.1 h1:jXsnJ4Lmnqd11kwkBV2LgLoFMZKizbCi5fNZ/ipaZ64=
go.opentelemetry.io/auto/sdk v1.2.1/go.mod h1:KRTj+aOaElaLi+wW1kO/DZRXwkF4C5xPbEe3ZiIhN7Y=
go.opentelemetry.io/contrib/bridges/otelslog v0.18.0 h1:hhPGP3zvvy1xWT9RTy970wlniSxFttBIsAK1gvMguJM=
go.opentelemetry.io/contrib/bridges/otelslog v0.18.0/go.mod h1:twJF7inoMza6kxMcF8JOdL3mPmtOZu7GEr34CUNE6Dg=
go.opentelemetry.io/contrib/instrumentation/github.com/labstack/echo/otelecho v0.68.0 h1:7N94HrYgVc2tng6xEjmbycupxteYLll7lPlEi/UK5ok=
go.opentelemetry.io/contrib/instrumentation/github.com/labstack/echo/otelecho v0.68.0/go.mod h1:1i+7wBOfx0kn7PSGRKZ8e7zIhs+AmvLCiCloySDUeck=
go.opentelemetry.io/contrib/instrumentation/net/http/otelhttp v0.68.0 h1:CqXxU8VOmDefoh0+ztfGaymYbhdB/tT3zs79QaZTNGY=
go.opentelemetry.io/contrib/instrumentation/net/http/otelhttp v0.68.0/go.mod h1:BuhAPThV8PBHBvg8ZzZ/Ok3idOdhWIodywz2xEcRbJo=
go.opentelemetry.io/contrib/instrumentation/runtime v0.68.0 h1:jhVIQEprwUTV+KfzzliLidclhoTOoHTgdz96kAyR8mU=
go.opentelemetry.io/contrib/instrumentation/runtime v0.68.0/go.mod h1:4HsdbLUbernaTnA8CNaNE+1g026SciXb3juRYe3l8EY=
go.opentelemetry.io/contrib/propagators/b3 v1.43.0 h1:CETqV3QLLPTy5yNrqyMr41VnAOOD4lsRved7n4QG00A=
go.opentelemetry.io/contrib/propagators/b3 v1.43.0/go.mod h1:Q4mCiCdziYzpNR0g+6UqVotAlCDZdzz6L8jwY4knOrw=
go.opentelemetry.io/otel v1.43.0 h1:mYIM03dnh5zfN7HautFE4ieIig9amkNANT+xcVxAj9I=
go.opentelemetry.io/otel v1.43.0/go.mod h1:JuG+u74mvjvcm8vj8pI5XiHy1zDeoCS2LB1spIq7Ay0=
go.opentelemetry.io/otel/exporters/otlp/otlplog/otlploggrpc v0.19.0 h1:Dn8rkudDzY6KV9dr/D/bTUuWgqDf9xe0rr4G2elrn0Y=
go.opentelemetry.io/otel/exporters/otlp/otlplog/otlploggrpc v0.19.0/go.mod h1:gMk9F0xDgyN9M/3Ed5Y1wKcx/9mlU91NXY2SNq7RQuU=
go.opentelemetry.io/otel/exporters/otlp/otlpmetric/otlpmetricgrpc v1.43.0 h1:8UQVDcZxOJLtX6gxtDt3vY2WTgvZqMQRzjsqiIHQdkc=
go.opentelemetry.io/otel/exporters/otlp/otlpmetric/otlpmetricgrpc v1.43.0/go.mod h1:2lmweYCiHYpEjQ/lSJBYhj9jP1zvCvQW4BqL9dnT7FQ=
go.opentelemetry.io/otel/exporters/otlp/otlptrace v1.43.0 h1:88Y4s2C8oTui1LGM6bTWkw0ICGcOLCAI5l6zsD1j20k=
go.opentelemetry.io/otel/exporters/otlp/otlptrace v1.43.0/go.mod h1:Vl1/iaggsuRlrHf/hfPJPvVag77kKyvrLeD10kpMl+A=
go.opentelemetry.io/otel/exporters/otlp/otlptrace/otlptracegrpc v1.43.0 h1:RAE+JPfvEmvy+0LzyUA25/SGawPwIUbZ6u0Wug54sLc=
go.opentelemetry.io/otel/exporters/otlp/otlptrace/otlptracegrpc v1.43.0/go.mod h1:AGmbycVGEsRx9mXMZ75CsOyhSP6MFIcj/6dnG+vhVjk=
go.opentelemetry.io/otel/log v0.19.0 h1:KUZs/GOsw79TBBMfDWsXS+KZ4g2Ckzksd1ymzsIEbo4=
go.opentelemetry.io/otel/log v0.19.0/go.mod h1:5DQYeGmxVIr4n0/BcJvF4upsraHjg6vudJJpnkL6Ipk=
go.opentelemetry.io/otel/metric v1.43.0 h1:d7638QeInOnuwOONPp4JAOGfbCEpYb+K6DVWvdxGzgM=
go.opentelemetry.io/otel/metric v1.43.0/go.mod h1:RDnPtIxvqlgO8GRW18W6Z/4P462ldprJtfxHxyKd2PY=
go.opentelemetry.io/otel/sdk v1.43.0 h1:pi5mE86i5rTeLXqoF/hhiBtUNcrAGHLKQdhg4h4V9Dg=
go.opentelemetry.io/otel/sdk v1.43.0/go.mod h1:P+IkVU3iWukmiit/Yf9AWvpyRDlUeBaRg6Y+C58QHzg=
go.opentelemetry.io/otel/sdk/log v0.19.0 h1:scYVLqT22D2gqXItnWiocLUKGH9yvkkeql5dBDiXyko=
go.opentelemetry.io/otel/sdk/log v0.19.0/go.mod h1:vFBowwXGLlW9AvpuF7bMgnNI95LiW10szrOdvzBHlAg=
go.opentelemetry.io/otel/sdk/log/logtest v0.19.0 h1:BEbF7ZBB6qQloV/Ub1+3NQoOUnVtcGkU3XX4Ws3GQfk=
go.opentelemetry.io/otel/sdk/log/logtest v0.19.0/go.mod h1:Lua81/3yM0wOmoHTokLj9y9ADeA02v1naRrVrkAZuKk=
go.opentelemetry.io/otel/sdk/metric v1.43.0 h1:S88dyqXjJkuBNLeMcVPRFXpRw2fuwdvfCGLEo89fDkw=
go.opentelemetry.io/otel/sdk/metric v1.43.0/go.mod h1:C/RJtwSEJ5hzTiUz5pXF1kILHStzb9zFlIEe85bhj6A=
go.opentelemetry.io/otel/trace v1.43.0 h1:BkNrHpup+4k4w+ZZ86CZoHHEkohws8AY+WTX09nk+3A=
go.opentelemetry.io/otel/trace v1.43.0/go.mod h1:/QJhyVBUUswCphDVxq+8mld+AvhXZLhe+8WVFxiFff0=
go.opentelemetry.io/proto/otlp v1.10.0 h1:IQRWgT5srOCYfiWnpqUYz9CVmbO8bFmKcwYxpuCSL2g=
go.opentelemetry.io/proto/otlp v1.10.0/go.mod h1:/CV4QoCR/S9yaPj8utp3lvQPoqMtxXdzn7ozvvozVqk=
go.uber.org/goleak v1.3.0 h1:2K3zAYmnTNqV73imy9J1T3WC+gmCePx2hEGkimedGto=
go.uber.org/goleak v1.3.0/go.mod h1:CoHD4mav9JJNrW/WLlf7HGZPjdw8EucARQHekz1X6bE=
go.yaml.in/yaml/v3 v3.0.4 h1:tfq32ie2Jv2UxXFdLJdh3jXuOzWiL1fo0bu/FbuKpbc=
go.yaml.in/yaml/v3 v3.0.4/go.mod h1:DhzuOOF2ATzADvBadXxruRBLzYTpT36CKvDb3+aBEFg=
golang.org/x/crypto v0.50.0 h1:zO47/JPrL6vsNkINmLoo/PH1gcxpls50DNogFvB5ZGI=
golang.org/x/crypto v0.50.0/go.mod h1:3muZ7vA7PBCE6xgPX7nkzzjiUq87kRItoJQM1Yo8S+Q=
golang.org/x/net v0.53.0 h1:d+qAbo5L0orcWAr0a9JweQpjXF19LMXJE8Ey7hwOdUA=
golang.org/x/net v0.53.0/go.mod h1:JvMuJH7rrdiCfbeHoo3fCQU24Lf5JJwT9W3sJFulfgs=
golang.org/x/oauth2 v0.36.0 h1:peZ/1z27fi9hUOFCAZaHyrpWG5lwe0RJEEEeH0ThlIs=
golang.org/x/oauth2 v0.36.0/go.mod h1:YDBUJMTkDnJS+A4BP4eZBjCqtokkg1hODuPjwiGPO7Q=
golang.org/x/sys v0.43.0 h1:Rlag2XtaFTxp19wS8MXlJwTvoh8ArU6ezoyFsMyCTNI=
golang.org/x/sys v0.43.0/go.mod h1:4GL1E5IUh+htKOUEOaiffhrAeqysfVGipDYzABqnCmw=
golang.org/x/text v0.36.0 h1:JfKh3XmcRPqZPKevfXVpI1wXPTqbkE5f7JA92a55Yxg=
golang.org/x/text v0.36.0/go.mod h1:NIdBknypM8iqVmPiuco0Dh6P5Jcdk8lJL0CUebqK164=
golang.org/x/time v0.15.0 h1:bbrp8t3bGUeFOx08pvsMYRTCVSMk89u4tKbNOZbp88U=
golang.org/x/time v0.15.0/go.mod h1:Y4YMaQmXwGQZoFaVFk4YpCt4FLQMYKZe9oeV/f4MSno=
gonum.org/v1/gonum v0.17.0 h1:VbpOemQlsSMrYmn7T2OUvQ4dqxQXU+ouZFQsZOx50z4=
gonum.org/v1/gonum v0.17.0/go.mod h1:El3tOrEuMpv2UdMrbNlKEh9vd86bmQ6vqIcDwxEOc1E=
google.golang.org/genproto/googleapis/api v0.0.0-20260414002931-afd174a4e478 h1:yQugLulqltosq0B/f8l4w9VryjV+N/5gcW0jQ3N8Qec=
google.golang.org/genproto/googleapis/api v0.0.0-20260414002931-afd174a4e478/go.mod h1:C6ADNqOxbgdUUeRTU+LCHDPB9ttAMCTff6auwCVa4uc=
google.golang.org/genproto/googleapis/rpc v0.0.0-20260414002931-afd174a4e478 h1:RmoJA1ujG+/lRGNfUnOMfhCy5EipVMyvUE+KNbPbTlw=
google.golang.org/genproto/googleapis/rpc v0.0.0-20260414002931-afd174a4e478/go.mod h1:4Hqkh8ycfw05ld/3BWL7rJOSfebL2Q+DVDeRgYgxUU8=
google.golang.org/grpc v1.80.0 h1:Xr6m2WmWZLETvUNvIUmeD5OAagMw3FiKmMlTdViWsHM=
google.golang.org/grpc v1.80.0/go.mod h1:ho/dLnxwi3EDJA4Zghp7k2Ec1+c2jqup0bFkw07bwF4=
google.golang.org/protobuf v1.36.11 h1:fV6ZwhNocDyBLK0dj+fg8ektcVegBBuEolpbTQyBNVE=
google.golang.org/protobuf v1.36.11/go.mod h1:HTf+CrKn2C3g5S8VImy6tdcUvCska2kB7j23XfzDpco=
gopkg.in/check.v1 v0.0.0-20161208181325-20d25e280405/go.mod h1:Co6ibVJAznAaIkqp8huTwlJQCZ016jof/cbN4VW5Yz0=
gopkg.in/check.v1 v1.0.0-20201130134442-10cb98267c6c h1:Hei/4ADfdWqJk1ZMxUNpqntNwaWcugrBjAiHlqqRiVk=
gopkg.in/check.v1 v1.0.0-20201130134442-10cb98267c6c/go.mod h1:JHkPIbrfpd72SG/EVd6muEfDQjcINNoR0C8j2r3qZ4Q=
gopkg.in/yaml.v2 v2.4.0 h1:D8xgwECY7CYvx+Y2n4sBz93Jn9JRvxdiyyo8CTfuKaY=
gopkg.in/yaml.v2 v2.4.0/go.mod h1:RDklbk79AGWmwhnvt/jBztapEOGDOx6ZbXqjP6csGnQ=
gopkg.in/yaml.v3 v3.0.1 h1:fxVm/GzAzEWqLHuvctI91KS9hhNmmWOoWu0XTYJS7CA=
gopkg.in/yaml.v3 v3.0.1/go.mod h1:K4uyk7z7BCEPqu6E+C64Yfv1cQ7kz7rIZviUmN+EgEM=
